
Microsoft Visual Studio Solution File, Format Version 12.00
# Visual Studio Version 17
VisualStudioVersion = 17.11.35222.181
MinimumVisualStudioVersion = 10.0.40219.1
Project("{FAE04EC0-301F-11D3-BF4B-00C04F79EFBC}") = "Hw10", "Hw10\Hw10.csproj", "{401A446E-5DE9-4BB7-8222-968EFA09D49D}"
EndProject
Global
	GlobalSection(SolutionConfigurationPlatforms) = preSolution
		Debug|Any CPU = Debug|Any CPU
		Release|Any CPU = Release|Any CPU
	EndGlobalSection
	GlobalSection(ProjectConfigurationPlatforms) = postSolution
		{401A446E-5DE9-4BB7-8222-968EFA09D49D}.Debug|Any CPU.ActiveCfg = Debug|Any CPU
		{401A446E-5DE9-4BB7-8222-968EFA09D49D}.Debug|Any CPU.Build.0 = Debug|Any CPU
		{401A446E-5DE9-4BB7-8222-968EFA09D49D}.Release|Any CPU.ActiveCfg = Release|Any CPU
		{401A446E-5DE9-4BB7-8222-968EFA09D49D}.Release|Any CPU.Build.0 = Release|Any CPU
	EndGlobalSection
	GlobalSection(SolutionProperties) = preSolution
		HideSolutionNode = FALSE
	EndGlobalSection
	GlobalSection(ExtensibilityGlobals) = postSolution
		SolutionGuid = {CFD4E01E-74C4-4CDC-99C4-7D977BC780E3}
	EndGlobalSection
EndGlobal
